// !$*UTF8*$!
{
	archiveVersion = 1;
	classes = {
	};
	objectVersion = 56;
	objects = {

/* Begin PBXBuildFile section */
		6A8D73B42AF2D04B005AECA4 /* ARSceneStarterApp.swift in Sources */ = {isa = PBXBuildFile; fileRef = 6A8D73B32AF2D04B005AECA4 /* ARSceneStarterApp.swift */; };
		6A8D73B62AF2D04B005AECA4 /* ContentView.swift in Sources */ = {isa = PBXBuildFile; fileRef = 6A8D73B52AF2D04B005AECA4 /* ContentView.swift */; };
		6A8D73B82AF2D04C005AECA4 /* Assets.xcassets in Resources */ = {isa = PBXBuildFile; fileRef = 6A8D73B72AF2D04C005AECA4 /* Assets.xcassets */; };
		6A8D73BB2AF2D04C005AECA4 /* Preview Assets.xcassets in Resources */ = {isa = PBXBuildFile; fileRef = 6A8D73BA2AF2D04C005AECA4 /* Preview Assets.xcassets */; };
		6A8D73C22AF2D1D3005AECA4 /* ViewModel.swift in Sources */ = {isa = PBXBuildFile; fileRef = 6A8D73C12AF2D1D3005AECA4 /* ViewModel.swift */; };
		6A8D73C42AF2D232005AECA4 /* ARView.swift in Sources */ = {isa = PBXBuildFile; fileRef = 6A8D73C32AF2D232005AECA4 /* ARView.swift */; };
		6A8D73C62AF3D396005AECA4 /* EntityHelperMethods.swift in Sources */ = {isa = PBXBuildFile; fileRef = 6A8D73C52AF3D396005AECA4 /* EntityHelperMethods.swift */; };
		6A8D73CC2AF3D4B4005AECA4 /* toy_biplane.usdz in Resources */ = {isa = PBXBuildFile; fileRef = 6A8D73CB2AF3D4B4005AECA4 /* toy_biplane.usdz */; };
		6A8D73CE2AF3DA8A005AECA4 /* checker.png in Resources */ = {isa = PBXBuildFile; fileRef = 6A8D73CD2AF3DA8A005AECA4 /* checker.png */; };
		6A8D73EA2AF412ED005AECA4 /* Color+.swift in Sources */ = {isa = PBXBuildFile; fileRef = 6A8D73E92AF412ED005AECA4 /* Color+.swift */; };
/* End PBXBuildFile section */

/* Begin PBXFileReference section */
		6A8D73B02AF2D04B005AECA4 /* ARSceneStarter.app */ = {isa = PBXFileReference; explicitFileType = wrapper.application; includeInIndex = 0; path = ARSceneStarter.app; sourceTree = BUILT_PRODUCTS_DIR; };
		6A8D73B32AF2D04B005AECA4 /* ARSceneStarterApp.swift */ = {isa = PBXFileReference; lastKnownFileType = sourcecode.swift; path = ARSceneStarterApp.swift; sourceTree = "<group>"; };
		6A8D73B52AF2D04B005AECA4 /* ContentView.swift */ = {isa = PBXFileReference; lastKnownFileType = sourcecode.swift; path = ContentView.swift; sourceTree = "<group>"; };
		6A8D73B72AF2D04C005AECA4 /* Assets.xcassets */ = {isa = PBXFileReference; lastKnownFileType = folder.assetcatalog; path = Assets.xcassets; sourceTree = "<group>"; };
		6A8D73BA2AF2D04C005AECA4 /* Preview Assets.xcassets */ = {isa = PBXFileReference; lastKnownFileType = folder.assetcatalog; path = "Preview Assets.xcassets"; sourceTree = "<group>"; };
		6A8D73C12AF2D1D3005AECA4 /* ViewModel.swift */ = {isa = PBXFileReference; fileEncoding = 4; lastKnownFileType = sourcecode.swift; path = ViewModel.swift; sourceTree = "<group>"; };
		6A8D73C32AF2D232005AECA4 /* ARView.swift */ = {isa = PBXFileReference; fileEncoding = 4; lastKnownFileType = sourcecode.swift; path = ARView.swift; sourceTree = "<group>"; };
		6A8D73C52AF3D396005AECA4 /* EntityHelperMethods.swift */ = {isa = PBXFileReference; fileEncoding = 4; lastKnownFileType = sourcecode.swift; path = EntityHelperMethods.swift; sourceTree = "<group>"; };
		6A8D73CB2AF3D4B4005AECA4 /* toy_biplane.usdz */ = {isa = PBXFileReference; lastKnownFileType = file.usdz; path = toy_biplane.usdz; sourceTree = "<group>"; };
		6A8D73CD2AF3DA8A005AECA4 /* checker.png */ = {isa = PBXFileReference; lastKnownFileType = image.png; path = checker.png; sourceTree = "<group>"; };
		6A8D73E92AF412ED005AECA4 /* Color+.swift */ = {isa = PBXFileReference; lastKnownFileType = sourcecode.swift; path = "Color+.swift"; sourceTree = "<group>"; };
/* End PBXFileReference section */

/* Begin PBXFrameworksBuildPhase section */
		6A8D73AD2AF2D04B005AECA4 /* Frameworks */ = {
			isa = PBXFrameworksBuildPhase;
			buildActionMask = 2147483647;
			files = (
			);
			runOnlyForDeploymentPostprocessing = 0;
		};
/* End PBXFrameworksBuildPhase section */

/* Begin PBXGroup section */
		6A8D73A72AF2D04B005AECA4 = {
			isa = PBXGroup;
			children = (
				6A8D73B22AF2D04B005AECA4 /* ARSceneStarter */,
				6A8D73B12AF2D04B005AECA4 /* Products */,
			);
			sourceTree = "<group>";
		};
		6A8D73B12AF2D04B005AECA4 /* Products */ = {
			isa = PBXGroup;
			children = (
				6A8D73B02AF2D04B005AECA4 /* ARSceneStarter.app */,
			);
			name = Products;
			sourceTree = "<group>";
		};
		6A8D73B22AF2D04B005AECA4 /* ARSceneStarter */ = {
			isa = PBXGroup;
			children = (
				6A8D73B32AF2D04B005AECA4 /* ARSceneStarterApp.swift */,
				6A8D73C12AF2D1D3005AECA4 /* ViewModel.swift */,
				6A8D73B52AF2D04B005AECA4 /* ContentView.swift */,
				6A8D73C32AF2D232005AECA4 /* ARView.swift */,
				6A8D73C52AF3D396005AECA4 /* EntityHelperMethods.swift */,
				6A8D73E92AF412ED005AECA4 /* Color+.swift */,
				6A8D73B72AF2D04C005AECA4 /* Assets.xcassets */,
				6A8D73C72AF3D476005AECA4 /* Images */,
				6A8D73CA2AF3D4B4005AECA4 /* Models */,
				6A8D73B92AF2D04C005AECA4 /* Preview Content */,
			);
			path = ARSceneStarter;
			sourceTree = "<group>";
		};
		6A8D73B92AF2D04C005AECA4 /* Preview Content */ = {
			isa = PBXGroup;
			children = (
				6A8D73BA2AF2D04C005AECA4 /* Preview Assets.xcassets */,
			);
			path = "Preview Content";
			sourceTree = "<group>";
		};
		6A8D73C72AF3D476005AECA4 /* Images */ = {
			isa = PBXGroup;
			children = (
				6A8D73CD2AF3DA8A005AECA4 /* checker.png */,
			);
			path = Images;
			sourceTree = "<group>";
		};
		6A8D73CA2AF3D4B4005AECA4 /* Models */ = {
			isa = PBXGroup;
			children = (
				6A8D73CB2AF3D4B4005AECA4 /* toy_biplane.usdz */,
			);
			path = Models;
			sourceTree = "<group>";
		};
/* End PBXGroup section */

/* Begin PBXNativeTarget section */
		6A8D73AF2AF2D04B005AECA4 /* ARSceneStarter */ = {
			isa = PBXNativeTarget;
			buildConfigurationList = 6A8D73BE2AF2D04C005AECA4 /* Build configuration list for PBXNativeTarget "ARSceneStarter" */;
			buildPhases = (
				6A8D73AC2AF2D04B005AECA4 /* Sources */,
				6A8D73AD2AF2D04B005AECA4 /* Frameworks */,
				6A8D73AE2AF2D04B005AECA4 /* Resources */,
			);
			buildRules = (
			);
			dependencies = (
			);
			name = ARSceneStarter;
			productName = ARSceneStarter;
			productReference = 6A8D73B02AF2D04B005AECA4 /* ARSceneStarter.app */;
			productType = "com.apple.product-type.application";
		};
/* End PBXNativeTarget section */

/* Begin PBXProject section */
		6A8D73A82AF2D04B005AECA4 /* Project object */ = {
			isa = PBXProject;
			attributes = {
				BuildIndependentTargetsInParallel = 1;
				LastSwiftUpdateCheck = 1500;
				LastUpgradeCheck = 1500;
				ORGANIZATIONNAME = "Line Break, LLC";
				TargetAttributes = {
					6A8D73AF2AF2D04B005AECA4 = {
						CreatedOnToolsVersion = 15.0.1;
					};
				};
			};
			buildConfigurationList = 6A8D73AB2AF2D04B005AECA4 /* Build configuration list for PBXProject "ARSceneStarter" */;
			compatibilityVersion = "Xcode 14.0";
			developmentRegion = en;
			hasScannedForEncodings = 0;
			knownRegions = (
				en,
				Base,
			);
			mainGroup = 6A8D73A72AF2D04B005AECA4;
			productRefGroup = 6A8D73B12AF2D04B005AECA4 /* Products */;
			projectDirPath = "";
			projectRoot = "";
			targets = (
				6A8D73AF2AF2D04B005AECA4 /* ARSceneStarter */,
			);
		};
/* End PBXProject section */

/* Begin PBXResourcesBuildPhase section */
		6A8D73AE2AF2D04B005AECA4 /* Resources */ = {
			isa = PBXResourcesBuildPhase;
			buildActionMask = 2147483647;
			files = (
				6A8D73BB2AF2D04C005AECA4 /* Preview Assets.xcassets in Resources */,
				6A8D73B82AF2D04C005AECA4 /* Assets.xcassets in Resources */,
				6A8D73CC2AF3D4B4005AECA4 /* toy_biplane.usdz in Resources */,
				6A8D73CE2AF3DA8A005AECA4 /* checker.png in Resources */,
			);
			runOnlyForDeploymentPostprocessing = 0;
		};
/* End PBXResourcesBuildPhase section */

/* Begin PBXSourcesBuildPhase section */
		6A8D73AC2AF2D04B005AECA4 /* Sources */ = {
			isa = PBXSourcesBuildPhase;
			buildActionMask = 2147483647;
			files = (
				6A8D73B62AF2D04B005AECA4 /* ContentView.swift in Sources */,
				6A8D73EA2AF412ED005AECA4 /* Color+.swift in Sources */,
				6A8D73C42AF2D232005AECA4 /* ARView.swift in Sources */,
				6A8D73C22AF2D1D3005AECA4 /* ViewModel.swift in Sources */,
				6A8D73B42AF2D04B005AECA4 /* ARSceneStarterApp.swift in Sources */,
				6A8D73C62AF3D396005AECA4 /* EntityHelperMethods.swift in Sources */,
			);
			runOnlyForDeploymentPostprocessing = 0;
		};
/* End PBXSourcesBuildPhase section */

/* Begin XCBuildConfiguration section */
		6A8D73BC2AF2D04C005AECA4 /* Debug */ = {
			isa = XCBuildConfiguration;
			buildSettings = {
				ALWAYS_SEARCH_USER_PATHS = NO;
				ASSETCATALOG_COMPILER_GENERATE_SWIFT_ASSET_SYMBOL_EXTENSIONS = YES;
				CLANG_ANALYZER_NONNULL = YES;
				CLANG_ANALYZER_NUMBER_OBJECT_CONVERSION = YES_AGGRESSIVE;
				CLANG_CXX_LANGUAGE_STANDARD = "gnu++20";
				CLANG_ENABLE_MODULES = YES;
				CLANG_ENABLE_OBJC_ARC = YES;
				CLANG_ENABLE_OBJC_WEAK = YES;
				CLANG_WARN_BLOCK_CAPTURE_AUTORELEASING = YES;
				CLANG_WARN_BOOL_CONVERSION = YES;
				CLANG_WARN_COMMA = YES;
				CLANG_WARN_CONSTANT_CONVERSION = YES;
				CLANG_WARN_DEPRECATED_OBJC_IMPLEMENTATIONS = YES;
				CLANG_WARN_DIRECT_OBJC_ISA_USAGE = YES_ERROR;
				CLANG_WARN_DOCUMENTATION_COMMENTS = YES;
				CLANG_WARN_EMPTY_BODY = YES;
				CLANG_WARN_ENUM_CONVERSION = YES;
				CLANG_WARN_INFINITE_RECURSION = YES;
				CLANG_WARN_INT_CONVERSION = YES;
				CLANG_WARN_NON_LITERAL_NULL_CONVERSION = YES;
				CLANG_WARN_OBJC_IMPLICIT_RETAIN_SELF = YES;
				CLANG_WARN_OBJC_LITERAL_CONVERSION = YES;
				CLANG_WARN_OBJC_ROOT_CLASS = YES_ERROR;
				CLANG_WARN_QUOTED_INCLUDE_IN_FRAMEWORK_HEADER = YES;
				CLANG_WARN_RANGE_LOOP_ANALYSIS = YES;
				CLANG_WARN_STRICT_PROTOTYPES = YES;
				CLANG_WARN_SUSPICIOUS_MOVE = YES;
				CLANG_WARN_UNGUARDED_AVAILABILITY = YES_AGGRESSIVE;
				CLANG_WARN_UNREACHABLE_CODE = YES;
				CLANG_WARN__DUPLICATE_METHOD_MATCH = YES;
				COPY_PHASE_STRIP = NO;
				DEBUG_INFORMATION_FORMAT = dwarf;
				ENABLE_STRICT_OBJC_MSGSEND = YES;
				ENABLE_TESTABILITY = YES;
				ENABLE_USER_SCRIPT_SANDBOXING = YES;
				GCC_C_LANGUAGE_STANDARD = gnu17;
				GCC_DYNAMIC_NO_PIC = NO;
				GCC_NO_COMMON_BLOCKS = YES;
				GCC_OPTIMIZATION_LEVEL = 0;
				GCC_PREPROCESSOR_DEFINITIONS = (
					"DEBUG=1",
					"$(inherited)",
				);
				GCC_WARN_64_TO_32_BIT_CONVERSION = YES;
				GCC_WARN_ABOUT_RETURN_TYPE = YES_ERROR;
				GCC_WARN_UNDECLARED_SELECTOR = YES;
				GCC_WARN_UNINITIALIZED_AUTOS = YES_AGGRESSIVE;
				GCC_WARN_UNUSED_FUNCTION = YES;
				GCC_WARN_UNUSED_VARIABLE = YES;
				IPHONEOS_DEPLOYMENT_TARGET = 17.0;
				LOCALIZATION_PREFERS_STRING_CATALOGS = YES;
				MTL_ENABLE_DEBUG_INFO = INCLUDE_SOURCE;
				MTL_FAST_MATH = YES;
				ONLY_ACTIVE_ARCH = YES;
				SDKROOT = iphoneos;
				SWIFT_ACTIVE_COMPILATION_CONDITIONS = "DEBUG $(inherited)";
				SWIFT_OPTIMIZATION_LEVEL = "-Onone";
			};
			name = Debug;
		};
		6A8D73BD2AF2D04C005AECA4 /* Release */ = {
			isa = XCBuildConfiguration;
			buildSettings = {
				ALWAYS_SEARCH_USER_PATHS = NO;
				ASSETCATALOG_COMPILER_GENERATE_SWIFT_ASSET_SYMBOL_EXTENSIONS = YES;
				CLANG_ANALYZER_NONNULL = YES;
				CLANG_ANALYZER_NUMBER_OBJECT_CONVERSION = YES_AGGRESSIVE;
				CLANG_CXX_LANGUAGE_STANDARD = "gnu++20";
				CLANG_ENABLE_MODULES = YES;
				CLANG_ENABLE_OBJC_ARC = YES;
				CLANG_ENABLE_OBJC_WEAK = YES;
				CLANG_WARN_BLOCK_CAPTURE_AUTORELEASING = YES;
				CLANG_WARN_BOOL_CONVERSION = YES;
				CLANG_WARN_COMMA = YES;
				CLANG_WARN_CONSTANT_CONVERSION = YES;
				CLANG_WARN_DEPRECATED_OBJC_IMPLEMENTATIONS = YES;
				CLANG_WARN_DIRECT_OBJC_ISA_USAGE = YES_ERROR;
				CLANG_WARN_DOCUMENTATION_COMMENTS = YES;
				CLANG_WARN_EMPTY_BODY = YES;
				CLANG_WARN_ENUM_CONVERSION = YES;
				CLANG_WARN_INFINITE_RECURSION = YES;
				CLANG_WARN_INT_CONVERSION = YES;
				CLANG_WARN_NON_LITERAL_NULL_CONVERSION = YES;
				CLANG_WARN_OBJC_IMPLICIT_RETAIN_SELF = YES;
				CLANG_WARN_OBJC_LITERAL_CONVERSION = YES;
				CLANG_WARN_OBJC_ROOT_CLASS = YES_ERROR;
				CLANG_WARN_QUOTED_INCLUDE_IN_FRAMEWORK_HEADER = YES;
				CLANG_WARN_RANGE_LOOP_ANALYSIS = YES;
				CLANG_WARN_STRICT_PROTOTYPES = YES;
				CLANG_WARN_SUSPICIOUS_MOVE = YES;
				CLANG_WARN_UNGUARDED_AVAILABILITY = YES_AGGRESSIVE;
				CLANG_WARN_UNREACHABLE_CODE = YES;
				CLANG_WARN__DUPLICATE_METHOD_MATCH = YES;
				COPY_PHASE_STRIP = NO;
				DEBUG_INFORMATION_FORMAT = "dwarf-with-dsym";
				ENABLE_NS_ASSERTIONS = NO;
				ENABLE_STRICT_OBJC_MSGSEND = YES;
				ENABLE_USER_SCRIPT_SANDBOXING = YES;
				GCC_C_LANGUAGE_STANDARD = gnu17;
				GCC_NO_COMMON_BLOCKS = YES;
				GCC_WARN_64_TO_32_BIT_CONVERSION = YES;
				GCC_WARN_ABOUT_RETURN_TYPE = YES_ERROR;
				GCC_WARN_UNDECLARED_SELECTOR = YES;
				GCC_WARN_UNINITIALIZED_AUTOS = YES_AGGRESSIVE;
				GCC_WARN_UNUSED_FUNCTION = YES;
				GCC_WARN_UNUSED_VARIABLE = YES;
				IPHONEOS_DEPLOYMENT_TARGET = 17.0;
				LOCALIZATION_PREFERS_STRING_CATALOGS = YES;
				MTL_ENABLE_DEBUG_INFO = NO;
				MTL_FAST_MATH = YES;
				SDKROOT = iphoneos;
				SWIFT_COMPILATION_MODE = wholemodule;
				VALIDATE_PRODUCT = YES;
			};
			name = Release;
		};
		6A8D73BF2AF2D04C005AECA4 /* Debug */ = {
			isa = XCBuildConfiguration;
			buildSettings = {
				ASSETCATALOG_COMPILER_APPICON_NAME = AppIcon;
				ASSETCATALOG_COMPILER_GLOBAL_ACCENT_COLOR_NAME = AccentColor;
				CODE_SIGN_STYLE = Automatic;
				CURRENT_PROJECT_VERSION = 1;
				DEVELOPMENT_ASSET_PATHS = "\"ARSceneStarter/Preview Content\"";
				DEVELOPMENT_TEAM = "";
				ENABLE_PREVIEWS = YES;
				GENERATE_INFOPLIST_FILE = YES;
				INFOPLIST_KEY_NSCameraUsageDescription = "";
				INFOPLIST_KEY_UIApplicationSupportsIndirectInputEvents = YES;
				INFOPLIST_KEY_UILaunchScreen_Generation = YES;
				INFOPLIST_KEY_UIRequiredDeviceCapabilities = arkit;
				INFOPLIST_KEY_UIStatusBarHidden = YES;
				INFOPLIST_KEY_UISupportedInterfaceOrientations_iPad = "UIInterfaceOrientationPortrait UIInterfaceOrientationPortraitUpsideDown UIInterfaceOrientationLandscapeLeft UIInterfaceOrientationLandscapeRight";
				INFOPLIST_KEY_UISupportedInterfaceOrientations_iPhone = "UIInterfaceOrientationPortrait UIInterfaceOrientationLandscapeLeft UIInterfaceOrientationLandscapeRight";
				LD_RUNPATH_SEARCH_PATHS = (
					"$(inherited)",
					"@executable_path/Frameworks",
				);
				MARKETING_VERSION = 1.0;
				PRODUCT_BUNDLE_IDENTIFIER = studio.linebreak.ARSceneStarter;
				PRODUCT_NAME = "$(TARGET_NAME)";
				SWIFT_EMIT_LOC_STRINGS = YES;
				SWIFT_VERSION = 5.0;
				TARGETED_DEVICE_FAMILY = "1,2";
			};
			name = Debug;
		};
		6A8D73C02AF2D04C005AECA4 /* Release */ = {
			isa = XCBuildConfiguration;
			buildSettings = {
				ASSETCATALOG_COMPILER_APPICON_NAME = AppIcon;
				ASSETCATALOG_COMPILER_GLOBAL_ACCENT_COLOR_NAME = AccentColor;
				CODE_SIGN_STYLE = Automatic;
				CURRENT_PROJECT_VERSION = 1;
				DEVELOPMENT_ASSET_PATHS = "\"ARSceneStarter/Preview Content\"";
				DEVELOPMENT_TEAM = "";
				ENABLE_PREVIEWS = YES;
				GENERATE_INFOPLIST_FILE = YES;
				INFOPLIST_KEY_NSCameraUsageDescription = "";
				INFOPLIST_KEY_UIApplicationSupportsIndirectInputEvents = YES;
				INFOPLIST_KEY_UILaunchScreen_Generation = YES;
				INFOPLIST_KEY_UIRequiredDeviceCapabilities = arkit;
				INFOPLIST_KEY_UIStatusBarHidden = YES;
				INFOPLIST_KEY_UISupportedInterfaceOrientations_iPad = "UIInterfaceOrientationPortrait UIInterfaceOrientationPortraitUpsideDown UIInterfaceOrientationLandscapeLeft UIInterfaceOrientationLandscapeRight";
				INFOPLIST_KEY_UISupportedInterfaceOrientations_iPhone = "UIInterfaceOrientationPortrait UIInterfaceOrientationLandscapeLeft UIInterfaceOrientationLandscapeRight";
				LD_RUNPATH_SEARCH_PATHS = (
					"$(inherited)",
					"@executable_path/Frameworks",
				);
				MARKETING_VERSION = 1.0;
				PRODUCT_BUNDLE_IDENTIFIER = studio.linebreak.ARSceneStarter;
				PRODUCT_NAME = "$(TARGET_NAME)";
				SWIFT_EMIT_LOC_STRINGS = YES;
				SWIFT_VERSION = 5.0;
				TARGETED_DEVICE_FAMILY = "1,2";
			};
			name = Release;
		};
/* End XCBuildConfiguration section */

/* Begin XCConfigurationList section */
		6A8D73AB2AF2D04B005AECA4 /* Build configuration list for PBXProject "ARSceneStarter" */ = {
			isa = XCConfigurationList;
			buildConfigurations = (
				6A8D73BC2AF2D04C005AECA4 /* Debug */,
				6A8D73BD2AF2D04C005AECA4 /* Release */,
			);
			defaultConfigurationIsVisible = 0;
			defaultConfigurationName = Release;
		};
		6A8D73BE2AF2D04C005AECA4 /* Build configuration list for PBXNativeTarget "ARSceneStarter" */ = {
			isa = XCConfigurationList;
			buildConfigurations = (
				6A8D73BF2AF2D04C005AECA4 /* Debug */,
				6A8D73C02AF2D04C005AECA4 /* Release */,
			);
			defaultConfigurationIsVisible = 0;
			defaultConfigurationName = Release;
		};
/* End XCConfigurationList section */
	};
	rootObject = 6A8D73A82AF2D04B005AECA4 /* Project object */;
}
